
Microsoft Visual Studio Solution File, Format Version 12.00
# Visual Studio Version 17
VisualStudioVersion = 17.12.35527.113
MinimumVisualStudioVersion = 10.0.40219.1
Project("{FAE04EC0-301F-11D3-BF4B-00C04F79EFBC}") = "Task_20250208", "Task_20250208\Task_20250208.csproj", "{3E836972-AC55-494F-A73C-BB15CBE6B7BB}"
EndProject
Project("{FAE04EC0-301F-11D3-BF4B-00C04F79EFBC}") = "Task_20250208_1", "Task_20250208_1\Task_20250208_1.csproj", "{858BF220-EF49-4A04-A60E-6E50D9DF287A}"
EndProject
Project("{FAE04EC0-301F-11D3-BF4B-00C04F79EFBC}") = "Task_20250209_2", "Task_20250209_2\Task_20250209_2.csproj", "{6E03A5E9-82F4-433F-BDC4-06AC0A648C99}"
EndProject
Project("{FAE04EC0-301F-11D3-BF4B-00C04F79EFBC}") = "Task_20250213_4", "Task_20250213_4\Task_20250213_4.csproj", "{F42669AA-3920-44C6-98C8-9FC648992607}"
EndProject
Project("{FAE04EC0-301F-11D3-BF4B-00C04F79EFBC}") = "Task_20250213_5", "Task_20250213_5\Task_20250213_5.csproj", "{781994CC-6CDA-41E6-A20D-AF117FFA019F}"
EndProject
Project("{FAE04EC0-301F-11D3-BF4B-00C04F79EFBC}") = "Task_20250216_6", "Task_20250216_6\Task_20250216_6.csproj", "{8D599880-3D14-4494-A423-8495DC53CEE8}"
EndProject
Global
	GlobalSection(SolutionConfigurationPlatforms) = preSolution
		Debug|Any CPU = Debug|Any CPU
		Release|Any CPU = Release|Any CPU
	EndGlobalSection
	GlobalSection(ProjectConfigurationPlatforms) = postSolution
		{3E836972-AC55-494F-A73C-BB15CBE6B7BB}.Debug|Any CPU.ActiveCfg = Debug|Any CPU
		{3E836972-AC55-494F-A73C-BB15CBE6B7BB}.Debug|Any CPU.Build.0 = Debug|Any CPU
		{3E836972-AC55-494F-A73C-BB15CBE6B7BB}.Release|Any CPU.ActiveCfg = Release|Any CPU
		{3E836972-AC55-494F-A73C-BB15CBE6B7BB}.Release|Any CPU.Build.0 = Release|Any CPU
		{858BF220-EF49-4A04-A60E-6E50D9DF287A}.Debug|Any CPU.ActiveCfg = Debug|Any CPU
		{858BF220-EF49-4A04-A60E-6E50D9DF287A}.Debug|Any CPU.Build.0 = Debug|Any CPU
		{858BF220-EF49-4A04-A60E-6E50D9DF287A}.Release|Any CPU.ActiveCfg = Release|Any CPU
		{858BF220-EF49-4A04-A60E-6E50D9DF287A}.Release|Any CPU.Build.0 = Release|Any CPU
		{6E03A5E9-82F4-433F-BDC4-06AC0A648C99}.Debug|Any CPU.ActiveCfg = Debug|Any CPU
		{6E03A5E9-82F4-433F-BDC4-06AC0A648C99}.Debug|Any CPU.Build.0 = Debug|Any CPU
		{6E03A5E9-82F4-433F-BDC4-06AC0A648C99}.Release|Any CPU.ActiveCfg = Release|Any CPU
		{6E03A5E9-82F4-433F-BDC4-06AC0A648C99}.Release|Any CPU.Build.0 = Release|Any CPU
		{F42669AA-3920-44C6-98C8-9FC648992607}.Debug|Any CPU.ActiveCfg = Debug|Any CPU
		{F42669AA-3920-44C6-98C8-9FC648992607}.Debug|Any CPU.Build.0 = Debug|Any CPU
		{F42669AA-3920-44C6-98C8-9FC648992607}.Release|Any CPU.ActiveCfg = Release|Any CPU
		{F42669AA-3920-44C6-98C8-9FC648992607}.Release|Any CPU.Build.0 = Release|Any CPU
		{781994CC-6CDA-41E6-A20D-AF117FFA019F}.Debug|Any CPU.ActiveCfg = Debug|Any CPU
		{781994CC-6CDA-41E6-A20D-AF117FFA019F}.Debug|Any CPU.Build.0 = Debug|Any CPU
		{781994CC-6CDA-41E6-A20D-AF117FFA019F}.Release|Any CPU.ActiveCfg = Release|Any CPU
		{781994CC-6CDA-41E6-A20D-AF117FFA019F}.Release|Any CPU.Build.0 = Release|Any CPU
		{8D599880-3D14-4494-A423-8495DC53CEE8}.Debug|Any CPU.ActiveCfg = Debug|Any CPU
		{8D599880-3D14-4494-A423-8495DC53CEE8}.Debug|Any CPU.Build.0 = Debug|Any CPU
		{8D599880-3D14-4494-A423-8495DC53CEE8}.Release|Any CPU.ActiveCfg = Release|Any CPU
		{8D599880-3D14-4494-A423-8495DC53CEE8}.Release|Any CPU.Build.0 = Release|Any CPU
	EndGlobalSection
	GlobalSection(SolutionProperties) = preSolution
		HideSolutionNode = FALSE
	EndGlobalSection
EndGlobal
