
Microsoft Visual Studio Solution File, Format Version 12.00
# Visual Studio Version 17
VisualStudioVersion = 17.12.35527.113 d17.12
MinimumVisualStudioVersion = 10.0.40219.1
Project("{FAE04EC0-301F-11D3-BF4B-00C04F79EFBC}") = "Task_20250208", "Task_20250208\Task_20250208.csproj", "{3E836972-AC55-494F-A73C-BB15CBE6B7BB}"
EndProject
Project("{FAE04EC0-301F-11D3-BF4B-00C04F79EFBC}") = "Task_20250208_1", "Task_20250208_1\Task_20250208_1.csproj", "{858BF220-EF49-4A04-A60E-6E50D9DF287A}"
EndProject
Global
	GlobalSection(SolutionConfigurationPlatforms) = preSolution
		Debug|Any CPU = Debug|Any CPU
		Release|Any CPU = Release|Any CPU
	EndGlobalSection
	GlobalSection(ProjectConfigurationPlatforms) = postSolution
		{3E836972-AC55-494F-A73C-BB15CBE6B7BB}.Debug|Any CPU.ActiveCfg = Debug|Any CPU
		{3E836972-AC55-494F-A73C-BB15CBE6B7BB}.Debug|Any CPU.Build.0 = Debug|Any CPU
		{3E836972-AC55-494F-A73C-BB15CBE6B7BB}.Release|Any CPU.ActiveCfg = Release|Any CPU
		{3E836972-AC55-494F-A73C-BB15CBE6B7BB}.Release|Any CPU.Build.0 = Release|Any CPU
		{858BF220-EF49-4A04-A60E-6E50D9DF287A}.Debug|Any CPU.ActiveCfg = Debug|Any CPU
		{858BF220-EF49-4A04-A60E-6E50D9DF287A}.Debug|Any CPU.Build.0 = Debug|Any CPU
		{858BF220-EF49-4A04-A60E-6E50D9DF287A}.Release|Any CPU.ActiveCfg = Release|Any CPU
		{858BF220-EF49-4A04-A60E-6E50D9DF287A}.Release|Any CPU.Build.0 = Release|Any CPU
	EndGlobalSection
	GlobalSection(SolutionProperties) = preSolution
		HideSolutionNode = FALSE
	EndGlobalSection
EndGlobal
